
Microsoft Visual Studio Solution File, Format Version 12.00
# Visual Studio 14
VisualStudioVersion = 14.0.24720.0
MinimumVisualStudioVersion = 10.0.40219.1
Project("{FAE04EC0-301F-11D3-BF4B-00C04F79EFBC}") = "TFLogin", "TFLogin\TFLogin.csproj", "{A035DBC4-FA05-45A9-971E-E080875230B4}"
	ProjectSection(ProjectDependencies) = postProject
		{8CD0C13A-9E9A-4D7B-B2C7-BB6823C8CEC5} = {8CD0C13A-9E9A-4D7B-B2C7-BB6823C8CEC5}
	EndProjectSection
EndProject
Project("{FAE04EC0-301F-11D3-BF4B-00C04F79EFBC}") = "TFClient", "TFClient\TFClient.csproj", "{8CD0C13A-9E9A-4D7B-B2C7-BB6823C8CEC5}"
EndProject
Project("{FAE04EC0-301F-11D3-BF4B-00C04F79EFBC}") = "TFMainServer", "TFMainServer\TFMainServer.csproj", "{2AF998E1-A3BE-4A1A-8651-C1C5D6A0AEF9}"
EndProject
Project("{FAE04EC0-301F-11D3-BF4B-00C04F79EFBC}") = "TFMiniWonJangServer", "TFMiniWonJangServer\TFMiniWonJangServer.csproj", "{2D371EAF-3B41-4F8C-8F40-FD0D557E5949}"
EndProject
Project("{FAE04EC0-301F-11D3-BF4B-00C04F79EFBC}") = "TFDataServer", "TFDataServer\TFDataServer.csproj", "{5624D2AF-3180-449A-9F58-790157D9C1D0}"
EndProject
Project("{FAE04EC0-301F-11D3-BF4B-00C04F79EFBC}") = "TFOrderServer", "TFOrderServer\TFOrderServer.csproj", "{58C5FC68-2F1C-4924-BFC9-A92D20EE7D78}"
EndProject
Project("{FAE04EC0-301F-11D3-BF4B-00C04F79EFBC}") = "TFautoupdate", "..\..\bitbucket\tf_library\TFautoupdate\TFautoupdate.csproj", "{959A57AD-DAF8-40DD-87F2-10A417F4A7E2}"
EndProject
Project("{FAE04EC0-301F-11D3-BF4B-00C04F79EFBC}") = "TFform", "..\..\bitbucket\tf_library\TFform\TFform.csproj", "{E169A98B-A81F-4743-9B96-B5ADDB9C331D}"
EndProject
Project("{FAE04EC0-301F-11D3-BF4B-00C04F79EFBC}") = "TFmstts", "..\..\bitbucket\tf_library\TFmstts\TFmstts.csproj", "{A67FD312-F238-4466-9137-266E313C1D4C}"
EndProject
Project("{FAE04EC0-301F-11D3-BF4B-00C04F79EFBC}") = "TFmysql", "..\..\bitbucket\tf_library\TFmysql\TFmysql.csproj", "{7C6C80F4-CD53-409B-956E-BB997849D4CD}"
EndProject
Project("{FAE04EC0-301F-11D3-BF4B-00C04F79EFBC}") = "TFnamedpipes", "..\..\bitbucket\tf_library\TFnamedpipes\TFnamedpipes.csproj", "{76F1F6CB-EC8E-4D52-86D1-E7EB35861EE1}"
EndProject
Project("{FAE04EC0-301F-11D3-BF4B-00C04F79EFBC}") = "TFobject", "..\..\bitbucket\tf_library\TFobject\TFobject.csproj", "{7E03FA1C-B2FE-4C1D-ADF1-6D5A5CD02868}"
EndProject
Project("{FAE04EC0-301F-11D3-BF4B-00C04F79EFBC}") = "TFsocket", "..\..\bitbucket\tf_library\TFsocket\TFsocket.csproj", "{A0BF0338-0588-4F8D-9E4C-69F1C9AED026}"
EndProject
Project("{FAE04EC0-301F-11D3-BF4B-00C04F79EFBC}") = "TFutil", "..\..\bitbucket\tf_library\TFutil\TFutil.csproj", "{70CD8C69-394A-4404-96C5-132B9ED74279}"
EndProject
Global
	GlobalSection(SolutionConfigurationPlatforms) = preSolution
		Debug|Any CPU = Debug|Any CPU
		Debug|x86 = Debug|x86
		Release|Any CPU = Release|Any CPU
		Release|x86 = Release|x86
	EndGlobalSection
	GlobalSection(ProjectConfigurationPlatforms) = postSolution
		{A035DBC4-FA05-45A9-971E-E080875230B4}.Debug|Any CPU.ActiveCfg = Debug|Any CPU
		{A035DBC4-FA05-45A9-971E-E080875230B4}.Debug|Any CPU.Build.0 = Debug|Any CPU
		{A035DBC4-FA05-45A9-971E-E080875230B4}.Debug|x86.ActiveCfg = Debug|x86
		{A035DBC4-FA05-45A9-971E-E080875230B4}.Debug|x86.Build.0 = Debug|x86
		{A035DBC4-FA05-45A9-971E-E080875230B4}.Release|Any CPU.ActiveCfg = Release|Any CPU
		{A035DBC4-FA05-45A9-971E-E080875230B4}.Release|Any CPU.Build.0 = Release|Any CPU
		{A035DBC4-FA05-45A9-971E-E080875230B4}.Release|x86.ActiveCfg = Release|x86
		{A035DBC4-FA05-45A9-971E-E080875230B4}.Release|x86.Build.0 = Release|x86
		{8CD0C13A-9E9A-4D7B-B2C7-BB6823C8CEC5}.Debug|Any CPU.ActiveCfg = Debug|Any CPU
		{8CD0C13A-9E9A-4D7B-B2C7-BB6823C8CEC5}.Debug|Any CPU.Build.0 = Debug|Any CPU
		{8CD0C13A-9E9A-4D7B-B2C7-BB6823C8CEC5}.Debug|x86.ActiveCfg = Debug|x86
		{8CD0C13A-9E9A-4D7B-B2C7-BB6823C8CEC5}.Debug|x86.Build.0 = Debug|x86
		{8CD0C13A-9E9A-4D7B-B2C7-BB6823C8CEC5}.Release|Any CPU.ActiveCfg = Release|Any CPU
		{8CD0C13A-9E9A-4D7B-B2C7-BB6823C8CEC5}.Release|Any CPU.Build.0 = Release|Any CPU
		{8CD0C13A-9E9A-4D7B-B2C7-BB6823C8CEC5}.Release|x86.ActiveCfg = Release|x86
		{8CD0C13A-9E9A-4D7B-B2C7-BB6823C8CEC5}.Release|x86.Build.0 = Release|x86
		{2AF998E1-A3BE-4A1A-8651-C1C5D6A0AEF9}.Debug|Any CPU.ActiveCfg = Debug|Any CPU
		{2AF998E1-A3BE-4A1A-8651-C1C5D6A0AEF9}.Debug|Any CPU.Build.0 = Debug|Any CPU
		{2AF998E1-A3BE-4A1A-8651-C1C5D6A0AEF9}.Debug|x86.ActiveCfg = Debug|x86
		{2AF998E1-A3BE-4A1A-8651-C1C5D6A0AEF9}.Debug|x86.Build.0 = Debug|x86
		{2AF998E1-A3BE-4A1A-8651-C1C5D6A0AEF9}.Release|Any CPU.ActiveCfg = Release|Any CPU
		{2AF998E1-A3BE-4A1A-8651-C1C5D6A0AEF9}.Release|Any CPU.Build.0 = Release|Any CPU
		{2AF998E1-A3BE-4A1A-8651-C1C5D6A0AEF9}.Release|x86.ActiveCfg = Release|x86
		{2AF998E1-A3BE-4A1A-8651-C1C5D6A0AEF9}.Release|x86.Build.0 = Release|x86
		{2D371EAF-3B41-4F8C-8F40-FD0D557E5949}.Debug|Any CPU.ActiveCfg = Debug|Any CPU
		{2D371EAF-3B41-4F8C-8F40-FD0D557E5949}.Debug|Any CPU.Build.0 = Debug|Any CPU
		{2D371EAF-3B41-4F8C-8F40-FD0D557E5949}.Debug|x86.ActiveCfg = Debug|x86
		{2D371EAF-3B41-4F8C-8F40-FD0D557E5949}.Debug|x86.Build.0 = Debug|x86
		{2D371EAF-3B41-4F8C-8F40-FD0D557E5949}.Release|Any CPU.ActiveCfg = Release|Any CPU
		{2D371EAF-3B41-4F8C-8F40-FD0D557E5949}.Release|Any CPU.Build.0 = Release|Any CPU
		{2D371EAF-3B41-4F8C-8F40-FD0D557E5949}.Release|x86.ActiveCfg = Release|x86
		{2D371EAF-3B41-4F8C-8F40-FD0D557E5949}.Release|x86.Build.0 = Release|x86
		{5624D2AF-3180-449A-9F58-790157D9C1D0}.Debug|Any CPU.ActiveCfg = Debug|Any CPU
		{5624D2AF-3180-449A-9F58-790157D9C1D0}.Debug|Any CPU.Build.0 = Debug|Any CPU
		{5624D2AF-3180-449A-9F58-790157D9C1D0}.Debug|x86.ActiveCfg = Debug|x64
		{5624D2AF-3180-449A-9F58-790157D9C1D0}.Debug|x86.Build.0 = Debug|x64
		{5624D2AF-3180-449A-9F58-790157D9C1D0}.Release|Any CPU.ActiveCfg = Release|Any CPU
		{5624D2AF-3180-449A-9F58-790157D9C1D0}.Release|Any CPU.Build.0 = Release|Any CPU
		{5624D2AF-3180-449A-9F58-790157D9C1D0}.Release|x86.ActiveCfg = Release|x86
		{5624D2AF-3180-449A-9F58-790157D9C1D0}.Release|x86.Build.0 = Release|x86
		{58C5FC68-2F1C-4924-BFC9-A92D20EE7D78}.Debug|Any CPU.ActiveCfg = Debug|Any CPU
		{58C5FC68-2F1C-4924-BFC9-A92D20EE7D78}.Debug|Any CPU.Build.0 = Debug|Any CPU
		{58C5FC68-2F1C-4924-BFC9-A92D20EE7D78}.Debug|x86.ActiveCfg = Debug|x86
		{58C5FC68-2F1C-4924-BFC9-A92D20EE7D78}.Debug|x86.Build.0 = Debug|x86
		{58C5FC68-2F1C-4924-BFC9-A92D20EE7D78}.Release|Any CPU.ActiveCfg = Release|Any CPU
		{58C5FC68-2F1C-4924-BFC9-A92D20EE7D78}.Release|Any CPU.Build.0 = Release|Any CPU
		{58C5FC68-2F1C-4924-BFC9-A92D20EE7D78}.Release|x86.ActiveCfg = Release|x86
		{58C5FC68-2F1C-4924-BFC9-A92D20EE7D78}.Release|x86.Build.0 = Release|x86
		{959A57AD-DAF8-40DD-87F2-10A417F4A7E2}.Debug|Any CPU.ActiveCfg = Debug|Any CPU
		{959A57AD-DAF8-40DD-87F2-10A417F4A7E2}.Debug|Any CPU.Build.0 = Debug|Any CPU
		{959A57AD-DAF8-40DD-87F2-10A417F4A7E2}.Debug|x86.ActiveCfg = Debug|x86
		{959A57AD-DAF8-40DD-87F2-10A417F4A7E2}.Debug|x86.Build.0 = Debug|x86
		{959A57AD-DAF8-40DD-87F2-10A417F4A7E2}.Release|Any CPU.ActiveCfg = Release|Any CPU
		{959A57AD-DAF8-40DD-87F2-10A417F4A7E2}.Release|Any CPU.Build.0 = Release|Any CPU
		{959A57AD-DAF8-40DD-87F2-10A417F4A7E2}.Release|x86.ActiveCfg = Release|x86
		{959A57AD-DAF8-40DD-87F2-10A417F4A7E2}.Release|x86.Build.0 = Release|x86
		{E169A98B-A81F-4743-9B96-B5ADDB9C331D}.Debug|Any CPU.ActiveCfg = Debug|Any CPU
		{E169A98B-A81F-4743-9B96-B5ADDB9C331D}.Debug|Any CPU.Build.0 = Debug|Any CPU
		{E169A98B-A81F-4743-9B96-B5ADDB9C331D}.Debug|x86.ActiveCfg = Debug|x86
		{E169A98B-A81F-4743-9B96-B5ADDB9C331D}.Debug|x86.Build.0 = Debug|x86
		{E169A98B-A81F-4743-9B96-B5ADDB9C331D}.Release|Any CPU.ActiveCfg = Release|Any CPU
		{E169A98B-A81F-4743-9B96-B5ADDB9C331D}.Release|Any CPU.Build.0 = Release|Any CPU
		{E169A98B-A81F-4743-9B96-B5ADDB9C331D}.Release|x86.ActiveCfg = Release|x86
		{E169A98B-A81F-4743-9B96-B5ADDB9C331D}.Release|x86.Build.0 = Release|x86
		{A67FD312-F238-4466-9137-266E313C1D4C}.Debug|Any CPU.ActiveCfg = Debug|Any CPU
		{A67FD312-F238-4466-9137-266E313C1D4C}.Debug|Any CPU.Build.0 = Debug|Any CPU
		{A67FD312-F238-4466-9137-266E313C1D4C}.Debug|x86.ActiveCfg = Debug|x86
		{A67FD312-F238-4466-9137-266E313C1D4C}.Debug|x86.Build.0 = Debug|x86
		{A67FD312-F238-4466-9137-266E313C1D4C}.Release|Any CPU.ActiveCfg = Release|Any CPU
		{A67FD312-F238-4466-9137-266E313C1D4C}.Release|Any CPU.Build.0 = Release|Any CPU
		{A67FD312-F238-4466-9137-266E313C1D4C}.Release|x86.ActiveCfg = Release|x86
		{A67FD312-F238-4466-9137-266E313C1D4C}.Release|x86.Build.0 = Release|x86
		{7C6C80F4-CD53-409B-956E-BB997849D4CD}.Debug|Any CPU.ActiveCfg = Debug|Any CPU
		{7C6C80F4-CD53-409B-956E-BB997849D4CD}.Debug|Any CPU.Build.0 = Debug|Any CPU
		{7C6C80F4-CD53-409B-956E-BB997849D4CD}.Debug|x86.ActiveCfg = Debug|x86
		{7C6C80F4-CD53-409B-956E-BB997849D4CD}.Debug|x86.Build.0 = Debug|x86
		{7C6C80F4-CD53-409B-956E-BB997849D4CD}.Release|Any CPU.ActiveCfg = Release|Any CPU
		{7C6C80F4-CD53-409B-956E-BB997849D4CD}.Release|Any CPU.Build.0 = Release|Any CPU
		{7C6C80F4-CD53-409B-956E-BB997849D4CD}.Release|x86.ActiveCfg = Release|x86
		{7C6C80F4-CD53-409B-956E-BB997849D4CD}.Release|x86.Build.0 = Release|x86
		{76F1F6CB-EC8E-4D52-86D1-E7EB35861EE1}.Debug|Any CPU.ActiveCfg = Debug|Any CPU
		{76F1F6CB-EC8E-4D52-86D1-E7EB35861EE1}.Debug|Any CPU.Build.0 = Debug|Any CPU
		{76F1F6CB-EC8E-4D52-86D1-E7EB35861EE1}.Debug|x86.ActiveCfg = Debug|x86
		{76F1F6CB-EC8E-4D52-86D1-E7EB35861EE1}.Debug|x86.Build.0 = Debug|x86
		{76F1F6CB-EC8E-4D52-86D1-E7EB35861EE1}.Release|Any CPU.ActiveCfg = Release|Any CPU
		{76F1F6CB-EC8E-4D52-86D1-E7EB35861EE1}.Release|Any CPU.Build.0 = Release|Any CPU
		{76F1F6CB-EC8E-4D52-86D1-E7EB35861EE1}.Release|x86.ActiveCfg = Release|x86
		{76F1F6CB-EC8E-4D52-86D1-E7EB35861EE1}.Release|x86.Build.0 = Release|x86
		{7E03FA1C-B2FE-4C1D-ADF1-6D5A5CD02868}.Debug|Any CPU.ActiveCfg = Debug|Any CPU
		{7E03FA1C-B2FE-4C1D-ADF1-6D5A5CD02868}.Debug|Any CPU.Build.0 = Debug|Any CPU
		{7E03FA1C-B2FE-4C1D-ADF1-6D5A5CD02868}.Debug|x86.ActiveCfg = Debug|x86
		{7E03FA1C-B2FE-4C1D-ADF1-6D5A5CD02868}.Debug|x86.Build.0 = Debug|x86
		{7E03FA1C-B2FE-4C1D-ADF1-6D5A5CD02868}.Release|Any CPU.ActiveCfg = Release|Any CPU
		{7E03FA1C-B2FE-4C1D-ADF1-6D5A5CD02868}.Release|Any CPU.Build.0 = Release|Any CPU
		{7E03FA1C-B2FE-4C1D-ADF1-6D5A5CD02868}.Release|x86.ActiveCfg = Release|x86
		{7E03FA1C-B2FE-4C1D-ADF1-6D5A5CD02868}.Release|x86.Build.0 = Release|x86
		{A0BF0338-0588-4F8D-9E4C-69F1C9AED026}.Debug|Any CPU.ActiveCfg = Debug|Any CPU
		{A0BF0338-0588-4F8D-9E4C-69F1C9AED026}.Debug|Any CPU.Build.0 = Debug|Any CPU
		{A0BF0338-0588-4F8D-9E4C-69F1C9AED026}.Debug|x86.ActiveCfg = Debug|x86
		{A0BF0338-0588-4F8D-9E4C-69F1C9AED026}.Debug|x86.Build.0 = Debug|x86
		{A0BF0338-0588-4F8D-9E4C-69F1C9AED026}.Release|Any CPU.ActiveCfg = Release|Any CPU
		{A0BF0338-0588-4F8D-9E4C-69F1C9AED026}.Release|Any CPU.Build.0 = Release|Any CPU
		{A0BF0338-0588-4F8D-9E4C-69F1C9AED026}.Release|x86.ActiveCfg = Release|x86
		{A0BF0338-0588-4F8D-9E4C-69F1C9AED026}.Release|x86.Build.0 = Release|x86
		{70CD8C69-394A-4404-96C5-132B9ED74279}.Debug|Any CPU.ActiveCfg = Debug|Any CPU
		{70CD8C69-394A-4404-96C5-132B9ED74279}.Debug|Any CPU.Build.0 = Debug|Any CPU
		{70CD8C69-394A-4404-96C5-132B9ED74279}.Debug|x86.ActiveCfg = Debug|x86
		{70CD8C69-394A-4404-96C5-132B9ED74279}.Debug|x86.Build.0 = Debug|x86
		{70CD8C69-394A-4404-96C5-132B9ED74279}.Release|Any CPU.ActiveCfg = Release|Any CPU
		{70CD8C69-394A-4404-96C5-132B9ED74279}.Release|Any CPU.Build.0 = Release|Any CPU
		{70CD8C69-394A-4404-96C5-132B9ED74279}.Release|x86.ActiveCfg = Release|x86
		{70CD8C69-394A-4404-96C5-132B9ED74279}.Release|x86.Build.0 = Release|x86
	EndGlobalSection
	GlobalSection(SolutionProperties) = preSolution
		HideSolutionNode = FALSE
	EndGlobalSection
EndGlobal
